
Microsoft Visual Studio Solution File, Format Version 12.00
# Visual Studio 15
VisualStudioVersion = 15.0.26124.0
MinimumVisualStudioVersion = 15.0.26124.0
Project("{FAE04EC0-301F-11D3-BF4B-00C04F79EFBC}") = "TaylorHutchison.WhiteBoard.API", "TaylorHutchison.WhiteBoard.API\TaylorHutchison.WhiteBoard.API.csproj", "{667C651A-3295-46C1-BE44-93E2C38F01EB}"
EndProject
Project("{FAE04EC0-301F-11D3-BF4B-00C04F79EFBC}") = "TaylorHutchison.WhiteBoard.Core", "TaylorHutchison.WhiteBoard.Core\TaylorHutchison.WhiteBoard.Core.csproj", "{A9812C08-BB64-442A-83CC-26D9DC54B9F0}"
EndProject
Project("{FAE04EC0-301F-11D3-BF4B-00C04F79EFBC}") = "TaylorHutchison.WhiteBoard.Services", "TaylorHutchison.WhiteBoard.Services\TaylorHutchison.WhiteBoard.Services.csproj", "{C3C14172-6E17-4C08-BCB1-D50BEB0FF0F8}"
EndProject
Global
	GlobalSection(SolutionConfigurationPlatforms) = preSolution
		Debug|Any CPU = Debug|Any CPU
		Debug|x64 = Debug|x64
		Debug|x86 = Debug|x86
		Release|Any CPU = Release|Any CPU
		Release|x64 = Release|x64
		Release|x86 = Release|x86
	EndGlobalSection
	GlobalSection(SolutionProperties) = preSolution
		HideSolutionNode = FALSE
	EndGlobalSection
	GlobalSection(ProjectConfigurationPlatforms) = postSolution
		{667C651A-3295-46C1-BE44-93E2C38F01EB}.Debug|Any CPU.ActiveCfg = Debug|Any CPU
		{667C651A-3295-46C1-BE44-93E2C38F01EB}.Debug|Any CPU.Build.0 = Debug|Any CPU
		{667C651A-3295-46C1-BE44-93E2C38F01EB}.Debug|x64.ActiveCfg = Debug|Any CPU
		{667C651A-3295-46C1-BE44-93E2C38F01EB}.Debug|x64.Build.0 = Debug|Any CPU
		{667C651A-3295-46C1-BE44-93E2C38F01EB}.Debug|x86.ActiveCfg = Debug|Any CPU
		{667C651A-3295-46C1-BE44-93E2C38F01EB}.Debug|x86.Build.0 = Debug|Any CPU
		{667C651A-3295-46C1-BE44-93E2C38F01EB}.Release|Any CPU.ActiveCfg = Release|Any CPU
		{667C651A-3295-46C1-BE44-93E2C38F01EB}.Release|Any CPU.Build.0 = Release|Any CPU
		{667C651A-3295-46C1-BE44-93E2C38F01EB}.Release|x64.ActiveCfg = Release|Any CPU
		{667C651A-3295-46C1-BE44-93E2C38F01EB}.Release|x64.Build.0 = Release|Any CPU
		{667C651A-3295-46C1-BE44-93E2C38F01EB}.Release|x86.ActiveCfg = Release|Any CPU
		{667C651A-3295-46C1-BE44-93E2C38F01EB}.Release|x86.Build.0 = Release|Any CPU
		{A9812C08-BB64-442A-83CC-26D9DC54B9F0}.Debug|Any CPU.ActiveCfg = Debug|Any CPU
		{A9812C08-BB64-442A-83CC-26D9DC54B9F0}.Debug|Any CPU.Build.0 = Debug|Any CPU
		{A9812C08-BB64-442A-83CC-26D9DC54B9F0}.Debug|x64.ActiveCfg = Debug|Any CPU
		{A9812C08-BB64-442A-83CC-26D9DC54B9F0}.Debug|x64.Build.0 = Debug|Any CPU
		{A9812C08-BB64-442A-83CC-26D9DC54B9F0}.Debug|x86.ActiveCfg = Debug|Any CPU
		{A9812C08-BB64-442A-83CC-26D9DC54B9F0}.Debug|x86.Build.0 = Debug|Any CPU
		{A9812C08-BB64-442A-83CC-26D9DC54B9F0}.Release|Any CPU.ActiveCfg = Release|Any CPU
		{A9812C08-BB64-442A-83CC-26D9DC54B9F0}.Release|Any CPU.Build.0 = Release|Any CPU
		{A9812C08-BB64-442A-83CC-26D9DC54B9F0}.Release|x64.ActiveCfg = Release|Any CPU
		{A9812C08-BB64-442A-83CC-26D9DC54B9F0}.Release|x64.Build.0 = Release|Any CPU
		{A9812C08-BB64-442A-83CC-26D9DC54B9F0}.Release|x86.ActiveCfg = Release|Any CPU
		{A9812C08-BB64-442A-83CC-26D9DC54B9F0}.Release|x86.Build.0 = Release|Any CPU
		{C3C14172-6E17-4C08-BCB1-D50BEB0FF0F8}.Debug|Any CPU.ActiveCfg = Debug|Any CPU
		{C3C14172-6E17-4C08-BCB1-D50BEB0FF0F8}.Debug|Any CPU.Build.0 = Debug|Any CPU
		{C3C14172-6E17-4C08-BCB1-D50BEB0FF0F8}.Debug|x64.ActiveCfg = Debug|Any CPU
		{C3C14172-6E17-4C08-BCB1-D50BEB0FF0F8}.Debug|x64.Build.0 = Debug|Any CPU
		{C3C14172-6E17-4C08-BCB1-D50BEB0FF0F8}.Debug|x86.ActiveCfg = Debug|Any CPU
		{C3C14172-6E17-4C08-BCB1-D50BEB0FF0F8}.Debug|x86.Build.0 = Debug|Any CPU
		{C3C14172-6E17-4C08-BCB1-D50BEB0FF0F8}.Release|Any CPU.ActiveCfg = Release|Any CPU
		{C3C14172-6E17-4C08-BCB1-D50BEB0FF0F8}.Release|Any CPU.Build.0 = Release|Any CPU
		{C3C14172-6E17-4C08-BCB1-D50BEB0FF0F8}.Release|x64.ActiveCfg = Release|Any CPU
		{C3C14172-6E17-4C08-BCB1-D50BEB0FF0F8}.Release|x64.Build.0 = Release|Any CPU
		{C3C14172-6E17-4C08-BCB1-D50BEB0FF0F8}.Release|x86.ActiveCfg = Release|Any CPU
		{C3C14172-6E17-4C08-BCB1-D50BEB0FF0F8}.Release|x86.Build.0 = Release|Any CPU
	EndGlobalSection
EndGlobal
